github.com/Tucker459/conair/group3/gocode v0.0.0-20190630100909-9712c3e9c60a h1:qF9opnu5mebGSHr+kMErzkr6ZeFEW5pDWa4bl/rZ1/w=
github.com/Tucker459/conair/group3/gocode v0.0.0-20190630100909-9712c3e9c60a/go.mod h1:sryDiazEO++6leJtufdTYhh32y+X+m3Sk4jmj7ArCD4=
github.com/aws/aws-sdk-go v1.20.12 h1:xV7xfLSkiqd7JOnLlfER+Jz8kI98rAGJvtXssYkCRs4=
github.com/aws/aws-sdk-go v1.20.12/go.mod h1:KmX6BPdI08NWTb3/sm4ZGu5ShLoqVDhKgpiN924inxo=
github.com/jmespath/go-jmespath v0.0.0-20180206201540-c2b33e8439af h1:pmfjZENx5imkbgOkpRUYLnmbU7UEFbjtDA2hxJ1ichM=
github.com/jmespath/go-jmespath v0.0.0-20180206201540-c2b33e8439af/go.mod h1:Nht3zPeWKUH0NzdCt2Blrr5ys8VGpn0CEB0cQHVjt7k=
